
Microsoft Visual Studio Solution File, Format Version 12.00
# Visual Studio Version 17
VisualStudioVersion = 17.14.37111.16
MinimumVisualStudioVersion = 10.0.40219.1
Project("{FAE04EC0-301F-11D3-BF4B-00C04F79EFBC}") = "GoodHamburger.Domain", "GoodHamburger.Domain\GoodHamburger.Domain.csproj", "{5844A112-5600-4902-A940-82D2E1A1F8E7}"
EndProject
Project("{FAE04EC0-301F-11D3-BF4B-00C04F79EFBC}") = "GoodHamburger.Application", "GoodHamburger.Application\GoodHamburger.Application.csproj", "{F4728DC7-D5E8-41AB-A932-935CAA9912F5}"
EndProject
Project("{FAE04EC0-301F-11D3-BF4B-00C04F79EFBC}") = "GoodHamburger.Infrastructure", "GoodHamburger.Infrastructure\GoodHamburger.Infrastructure.csproj", "{3F58A610-42C6-4863-A08E-4C9205279D22}"
EndProject
Project("{FAE04EC0-301F-11D3-BF4B-00C04F79EFBC}") = "GoodHamburger.API", "GoodHamburger.API\GoodHamburger.API.csproj", "{AD646B06-2F15-0DDA-85CF-22F41F8A1490}"
EndProject
Project("{FAE04EC0-301F-11D3-BF4B-00C04F79EFBC}") = "GoodHamburger.Tests", "GoodHamburger.Tests\GoodHamburger.Tests.csproj", "{D2E6F7BC-A2AA-442C-81B3-E097D023D2E0}"
EndProject
Global
	GlobalSection(SolutionConfigurationPlatforms) = preSolution
		Debug|Any CPU = Debug|Any CPU
		Release|Any CPU = Release|Any CPU
	EndGlobalSection
	GlobalSection(ProjectConfigurationPlatforms) = postSolution
		{5844A112-5600-4902-A940-82D2E1A1F8E7}.Debug|Any CPU.ActiveCfg = Debug|Any CPU
		{5844A112-5600-4902-A940-82D2E1A1F8E7}.Debug|Any CPU.Build.0 = Debug|Any CPU
		{5844A112-5600-4902-A940-82D2E1A1F8E7}.Release|Any CPU.ActiveCfg = Release|Any CPU
		{5844A112-5600-4902-A940-82D2E1A1F8E7}.Release|Any CPU.Build.0 = Release|Any CPU
		{F4728DC7-D5E8-41AB-A932-935CAA9912F5}.Debug|Any CPU.ActiveCfg = Debug|Any CPU
		{F4728DC7-D5E8-41AB-A932-935CAA9912F5}.Debug|Any CPU.Build.0 = Debug|Any CPU
		{F4728DC7-D5E8-41AB-A932-935CAA9912F5}.Release|Any CPU.ActiveCfg = Release|Any CPU
		{F4728DC7-D5E8-41AB-A932-935CAA9912F5}.Release|Any CPU.Build.0 = Release|Any CPU
		{3F58A610-42C6-4863-A08E-4C9205279D22}.Debug|Any CPU.ActiveCfg = Debug|Any CPU
		{3F58A610-42C6-4863-A08E-4C9205279D22}.Debug|Any CPU.Build.0 = Debug|Any CPU
		{3F58A610-42C6-4863-A08E-4C9205279D22}.Release|Any CPU.ActiveCfg = Release|Any CPU
		{3F58A610-42C6-4863-A08E-4C9205279D22}.Release|Any CPU.Build.0 = Release|Any CPU
		{AD646B06-2F15-0DDA-85CF-22F41F8A1490}.Debug|Any CPU.ActiveCfg = Debug|Any CPU
		{AD646B06-2F15-0DDA-85CF-22F41F8A1490}.Debug|Any CPU.Build.0 = Debug|Any CPU
		{AD646B06-2F15-0DDA-85CF-22F41F8A1490}.Release|Any CPU.ActiveCfg = Release|Any CPU
		{AD646B06-2F15-0DDA-85CF-22F41F8A1490}.Release|Any CPU.Build.0 = Release|Any CPU
		{D2E6F7BC-A2AA-442C-81B3-E097D023D2E0}.Debug|Any CPU.ActiveCfg = Debug|Any CPU
		{D2E6F7BC-A2AA-442C-81B3-E097D023D2E0}.Debug|Any CPU.Build.0 = Debug|Any CPU
		{D2E6F7BC-A2AA-442C-81B3-E097D023D2E0}.Release|Any CPU.ActiveCfg = Release|Any CPU
		{D2E6F7BC-A2AA-442C-81B3-E097D023D2E0}.Release|Any CPU.Build.0 = Release|Any CPU
	EndGlobalSection
	GlobalSection(SolutionProperties) = preSolution
		HideSolutionNode = FALSE
	EndGlobalSection
	GlobalSection(ExtensibilityGlobals) = postSolution
		SolutionGuid = {6879D7FF-D6EF-4A6F-AC03-DA667DCEBF58}
	EndGlobalSection
EndGlobal
